
Microsoft Visual Studio Solution File, Format Version 12.00
# Visual Studio Version 17
VisualStudioVersion = 17.12.35707.178 d17.12
MinimumVisualStudioVersion = 10.0.40219.1
Project("{FAE04EC0-301F-11D3-BF4B-00C04F79EFBC}") = "Movies.API", "Movies.API\Movies.API.csproj", "{CD0DAB8D-3FA6-4326-A476-25DFF7769FA1}"
EndProject
Project("{FAE04EC0-301F-11D3-BF4B-00C04F79EFBC}") = "Movies.Tests", "Movies.Tests\Movies.Tests.csproj", "{82F23F85-2B15-48D4-9D90-657E9A42B953}"
EndProject
Global
	GlobalSection(SolutionConfigurationPlatforms) = preSolution
		Debug|Any CPU = Debug|Any CPU
		Release|Any CPU = Release|Any CPU
	EndGlobalSection
	GlobalSection(ProjectConfigurationPlatforms) = postSolution
		{CD0DAB8D-3FA6-4326-A476-25DFF7769FA1}.Debug|Any CPU.ActiveCfg = Debug|Any CPU
		{CD0DAB8D-3FA6-4326-A476-25DFF7769FA1}.Debug|Any CPU.Build.0 = Debug|Any CPU
		{CD0DAB8D-3FA6-4326-A476-25DFF7769FA1}.Release|Any CPU.ActiveCfg = Release|Any CPU
		{CD0DAB8D-3FA6-4326-A476-25DFF7769FA1}.Release|Any CPU.Build.0 = Release|Any CPU
		{82F23F85-2B15-48D4-9D90-657E9A42B953}.Debug|Any CPU.ActiveCfg = Debug|Any CPU
		{82F23F85-2B15-48D4-9D90-657E9A42B953}.Debug|Any CPU.Build.0 = Debug|Any CPU
		{82F23F85-2B15-48D4-9D90-657E9A42B953}.Release|Any CPU.ActiveCfg = Release|Any CPU
		{82F23F85-2B15-48D4-9D90-657E9A42B953}.Release|Any CPU.Build.0 = Release|Any CPU
	EndGlobalSection
	GlobalSection(SolutionProperties) = preSolution
		HideSolutionNode = FALSE
	EndGlobalSection
EndGlobal
